
Microsoft Visual Studio Solution File, Format Version 12.00
# Visual Studio Version 17
VisualStudioVersion = 17.5.33424.131
MinimumVisualStudioVersion = 10.0.40219.1
Project("{FAE04EC0-301F-11D3-BF4B-00C04F79EFBC}") = "ConsoleUploadFile2OneDrive", "ConsoleUploadFile2OneDrive\ConsoleUploadFile2OneDrive.csproj", "{7DBCE573-1547-4EC3-B021-3014056F292C}"
EndProject
Global
	GlobalSection(SolutionConfigurationPlatforms) = preSolution
		Debug|Any CPU = Debug|Any CPU
		Release|Any CPU = Release|Any CPU
	EndGlobalSection
	GlobalSection(ProjectConfigurationPlatforms) = postSolution
		{7DBCE573-1547-4EC3-B021-3014056F292C}.Debug|Any CPU.ActiveCfg = Debug|Any CPU
		{7DBCE573-1547-4EC3-B021-3014056F292C}.Debug|Any CPU.Build.0 = Debug|Any CPU
		{7DBCE573-1547-4EC3-B021-3014056F292C}.Release|Any CPU.ActiveCfg = Release|Any CPU
		{7DBCE573-1547-4EC3-B021-3014056F292C}.Release|Any CPU.Build.0 = Release|Any CPU
	EndGlobalSection
	GlobalSection(SolutionProperties) = preSolution
		HideSolutionNode = FALSE
	EndGlobalSection
	GlobalSection(ExtensibilityGlobals) = postSolution
		SolutionGuid = {49A8D334-56F2-4BE1-AEE0-8B534543725D}
	EndGlobalSection
EndGlobal
